# THIS IS AN AUTOGENERATED FILE. DO NOT EDIT THIS FILE DIRECTLY.
# yarn lockfile v1


peachyscript@^1.0.1, peachyscript@^1.0.2:
  version "1.0.2"
  resolved "https://registry.yarnpkg.com/peachyscript/-/peachyscript-1.0.2.tgz#52cac4b1916052bea4a5567c9e9bf6f94cfdc2e6"
  integrity sha512-g67e78LjksXGHbYtPCSfGvNOA08HKB89v2UfladPHQloM+qHzRcsRsBPqE/VCLJxpGZpzCPsIQSAFWDK2+u6hg==
  dependencies:
    peachyscript "^1.0.1"

typescript@^3.4.5:
  version "3.5.2"
  resolved "https://registry.yarnpkg.com/typescript/-/typescript-3.5.2.tgz#a09e1dc69bc9551cadf17dba10ee42cf55e5d56c"
  integrity sha512-7KxJovlYhTX5RaRbUdkAXN1KUZ8PwWlTzQdHV6xNqvuFOs7+WBo10TQUqT19Q/Jz2hk5v9TQDIhyLhhJY4p5AA==
